[{"package":"knplabs\/knp-menu","version":"master-dev"},{"package":"doctrine\/dbal","version":"2.1.x-dev"},{"package":"doctrine\/common","version":"2.1.x-dev"},{"package":"cg\/cg","version":"master-dev"},{"package":"jms\/aop-bundle","version":"master-dev"},{"package":"sonata\/admin-bundle","version":"master-dev"},{"package":"friendsofsymfony\/user-bundle","version":"1.1.0"},{"package":"sensio\/generator-bundle","version":"master-dev"},{"package":"sensio\/distribution-bundle","version":"1.0-dev"},{"package":"jms\/security-extra-bundle","version":"master-dev"},{"package":"sensio\/framework-extra-bundle","version":"2.0-dev"},{"package":"metadata\/metadata","version":"master-dev"},{"package":"knplabs\/knp-menu-bundle","version":"master-dev"},{"package":"helio-networks\/sqlbuddy","version":"master-dev"},{"package":"swiftmailer\/swiftmailer","version":"4.1.3"},{"package":"doctrine\/orm","version":"2.1.3"},{"package":"twig\/extensions","version":"master-dev"},{"package":"twig\/twig","version":"1.3.0"},{"package":"monolog\/monolog","version":"1.0.0"},{"package":"symfony\/symfony","version":"2.0.6"}]