[{"package":"doctrine\/dbal","version":"2.1.x-dev"},{"package":"doctrine\/common","version":"2.1.x-dev"},{"package":"swiftmailer\/swiftmailer","version":"4.1.3"},{"package":"doctrine\/orm","version":"2.1.3"},{"package":"twig\/twig","version":"1.3.0"},{"package":"symfony\/symfony","version":"2.0.4"},{"package":"monolog\/monolog","version":"1.0.0"},{"package":"twig\/extensions","version":"master-dev"}]